
Microsoft Visual Studio Solution File, Format Version 12.00
# Visual Studio 15
VisualStudioVersion = 15.0.28307.489
MinimumVisualStudioVersion = 10.0.40219.1
Project("{FAE04EC0-301F-11D3-BF4B-00C04F79EFBC}") = "video_rental_lovepreet", "video_rental_lovepreet\video_rental_lovepreet.csproj", "{73DB9F27-D9C3-4973-AFB1-540D28AFDE7F}"
EndProject
Project("{FAE04EC0-301F-11D3-BF4B-00C04F79EFBC}") = "video_rental_lovepreetTests", "video_rental_lovepreetTests\video_rental_lovepreetTests.csproj", "{C800925C-241A-4589-ACA2-F889DCC6F4F8}"
EndProject
Global
	GlobalSection(SolutionConfigurationPlatforms) = preSolution
		Debug|Any CPU = Debug|Any CPU
		Release|Any CPU = Release|Any CPU
	EndGlobalSection
	GlobalSection(ProjectConfigurationPlatforms) = postSolution
		{73DB9F27-D9C3-4973-AFB1-540D28AFDE7F}.Debug|Any CPU.ActiveCfg = Debug|Any CPU
		{73DB9F27-D9C3-4973-AFB1-540D28AFDE7F}.Debug|Any CPU.Build.0 = Debug|Any CPU
		{73DB9F27-D9C3-4973-AFB1-540D28AFDE7F}.Release|Any CPU.ActiveCfg = Release|Any CPU
		{73DB9F27-D9C3-4973-AFB1-540D28AFDE7F}.Release|Any CPU.Build.0 = Release|Any CPU
		{C800925C-241A-4589-ACA2-F889DCC6F4F8}.Debug|Any CPU.ActiveCfg = Debug|Any CPU
		{C800925C-241A-4589-ACA2-F889DCC6F4F8}.Debug|Any CPU.Build.0 = Debug|Any CPU
		{C800925C-241A-4589-ACA2-F889DCC6F4F8}.Release|Any CPU.ActiveCfg = Release|Any CPU
		{C800925C-241A-4589-ACA2-F889DCC6F4F8}.Release|Any CPU.Build.0 = Release|Any CPU
	EndGlobalSection
	GlobalSection(SolutionProperties) = preSolution
		HideSolutionNode = FALSE
	EndGlobalSection
	GlobalSection(ExtensibilityGlobals) = postSolution
		SolutionGuid = {6C7EAE20-DA0C-40E3-8C9F-C4C006A795C1}
	EndGlobalSection
EndGlobal
